
Microsoft Visual Studio Solution File, Format Version 12.00
# Visual Studio Version 16
VisualStudioVersion = 16.0.29911.84
MinimumVisualStudioVersion = 10.0.40219.1
Project("{2150E333-8FDC-42A3-9474-1A3956D46DE8}") = "src", "src", "{ED6F5FF5-BD10-440D-820F-7D3636D003B1}"
EndProject
Project("{2150E333-8FDC-42A3-9474-1A3956D46DE8}") = "Building Blocks", "Building Blocks", "{8DF5DD58-9194-4C03-A60B-DB78EBCD3EA3}"
EndProject
Project("{2150E333-8FDC-42A3-9474-1A3956D46DE8}") = "Services", "Services", "{2CB8DF49-67D9-4876-A04B-F4B09112EB67}"
EndProject
Project("{2150E333-8FDC-42A3-9474-1A3956D46DE8}") = "Web", "Web", "{C3E4A81C-23EB-40F2-A146-A1C384097BEE}"
EndProject
Project("{2150E333-8FDC-42A3-9474-1A3956D46DE8}") = "Identidade", "Identidade", "{26F94CC4-ADAC-4623-A79B-F1423191F922}"
EndProject
Project("{FAE04EC0-301F-11D3-BF4B-00C04F79EFBC}") = "NSE.Identidade.API", "src\services\NSE.Identidade.API\NSE.Identidade.API.csproj", "{15D2A4D0-8173-4CD4-A8BA-C101AC5DE4E8}"
EndProject
Project("{2150E333-8FDC-42A3-9474-1A3956D46DE8}") = "MVC", "MVC", "{A3357857-5A83-438D-AA37-ED15CA8A1FD1}"
EndProject
Project("{FAE04EC0-301F-11D3-BF4B-00C04F79EFBC}") = "NSE.WebApp.MVC", "src\web\NSE.WebApp.MVC\NSE.WebApp.MVC.csproj", "{CC7DE2F0-9636-4FD4-9380-DD24F9EA3C37}"
EndProject
Project("{2150E333-8FDC-42A3-9474-1A3956D46DE8}") = "Core", "Core", "{F3F696F7-3B02-4BB3-ACE6-089352E4A404}"
EndProject
Project("{FAE04EC0-301F-11D3-BF4B-00C04F79EFBC}") = "NSE.Core", "src\building blocks\NSE.Core\NSE.Core.csproj", "{6D749DA9-3B0D-4209-9DD1-9D189EDBDE6D}"
EndProject
Project("{2150E333-8FDC-42A3-9474-1A3956D46DE8}") = "Carrinho", "Carrinho", "{781DD4E5-81F2-4F42-ACE8-F151FFA349DA}"
EndProject
Project("{2150E333-8FDC-42A3-9474-1A3956D46DE8}") = "Catalogo", "Catalogo", "{68EB09BF-6CC9-40B5-8669-78DA7862F6F4}"
EndProject
Project("{2150E333-8FDC-42A3-9474-1A3956D46DE8}") = "Cliente", "Cliente", "{FB0DF3B7-E5AA-4B39-B75F-0DC304E81F72}"
EndProject
Project("{2150E333-8FDC-42A3-9474-1A3956D46DE8}") = "Pagamento", "Pagamento", "{E881A399-613E-46FA-8298-D9C4E493109E}"
EndProject
Project("{2150E333-8FDC-42A3-9474-1A3956D46DE8}") = "Pedido", "Pedido", "{C3AF91D4-8914-409F-8FF2-91861BDB9667}"
EndProject
Project("{FAE04EC0-301F-11D3-BF4B-00C04F79EFBC}") = "NSE.Carrinho.API", "src\services\NSE.Carrinho.API\NSE.Carrinho.API.csproj", "{627A6B41-978C-4F0A-96BF-DAD262F9C790}"
EndProject
Project("{FAE04EC0-301F-11D3-BF4B-00C04F79EFBC}") = "NSE.Catalogo.API", "src\services\NSE.Catalogo.API\NSE.Catalogo.API.csproj", "{ACCF0204-6A89-4266-8AD4-B5C43915963C}"
EndProject
Project("{FAE04EC0-301F-11D3-BF4B-00C04F79EFBC}") = "NSE.Cliente.API", "src\services\NSE.Cliente.API\NSE.Cliente.API.csproj", "{2218BAF0-48F5-49E4-BE89-E2513972CE82}"
EndProject
Project("{FAE04EC0-301F-11D3-BF4B-00C04F79EFBC}") = "NSE.Pagamento.API", "src\services\NSE.Pagamento.API\NSE.Pagamento.API.csproj", "{741007AA-12BE-4065-ABF1-DA5F98209A55}"
EndProject
Project("{FAE04EC0-301F-11D3-BF4B-00C04F79EFBC}") = "NSE.Pedido.API", "src\services\NSE.Pedido.API\NSE.Pedido.API.csproj", "{654BCEFA-E540-4228-A0CA-5347339F279D}"
EndProject
Global
	GlobalSection(SolutionConfigurationPlatforms) = preSolution
		Debug|Any CPU = Debug|Any CPU
		Release|Any CPU = Release|Any CPU
	EndGlobalSection
	GlobalSection(ProjectConfigurationPlatforms) = postSolution
		{15D2A4D0-8173-4CD4-A8BA-C101AC5DE4E8}.Debug|Any CPU.ActiveCfg = Debug|Any CPU
		{15D2A4D0-8173-4CD4-A8BA-C101AC5DE4E8}.Debug|Any CPU.Build.0 = Debug|Any CPU
		{15D2A4D0-8173-4CD4-A8BA-C101AC5DE4E8}.Release|Any CPU.ActiveCfg = Release|Any CPU
		{15D2A4D0-8173-4CD4-A8BA-C101AC5DE4E8}.Release|Any CPU.Build.0 = Release|Any CPU
		{CC7DE2F0-9636-4FD4-9380-DD24F9EA3C37}.Debug|Any CPU.ActiveCfg = Debug|Any CPU
		{CC7DE2F0-9636-4FD4-9380-DD24F9EA3C37}.Debug|Any CPU.Build.0 = Debug|Any CPU
		{CC7DE2F0-9636-4FD4-9380-DD24F9EA3C37}.Release|Any CPU.ActiveCfg = Release|Any CPU
		{CC7DE2F0-9636-4FD4-9380-DD24F9EA3C37}.Release|Any CPU.Build.0 = Release|Any CPU
		{6D749DA9-3B0D-4209-9DD1-9D189EDBDE6D}.Debug|Any CPU.ActiveCfg = Debug|Any CPU
		{6D749DA9-3B0D-4209-9DD1-9D189EDBDE6D}.Debug|Any CPU.Build.0 = Debug|Any CPU
		{6D749DA9-3B0D-4209-9DD1-9D189EDBDE6D}.Release|Any CPU.ActiveCfg = Release|Any CPU
		{6D749DA9-3B0D-4209-9DD1-9D189EDBDE6D}.Release|Any CPU.Build.0 = Release|Any CPU
		{627A6B41-978C-4F0A-96BF-DAD262F9C790}.Debug|Any CPU.ActiveCfg = Debug|Any CPU
		{627A6B41-978C-4F0A-96BF-DAD262F9C790}.Debug|Any CPU.Build.0 = Debug|Any CPU
		{627A6B41-978C-4F0A-96BF-DAD262F9C790}.Release|Any CPU.ActiveCfg = Release|Any CPU
		{627A6B41-978C-4F0A-96BF-DAD262F9C790}.Release|Any CPU.Build.0 = Release|Any CPU
		{ACCF0204-6A89-4266-8AD4-B5C43915963C}.Debug|Any CPU.ActiveCfg = Debug|Any CPU
		{ACCF0204-6A89-4266-8AD4-B5C43915963C}.Debug|Any CPU.Build.0 = Debug|Any CPU
		{ACCF0204-6A89-4266-8AD4-B5C43915963C}.Release|Any CPU.ActiveCfg = Release|Any CPU
		{ACCF0204-6A89-4266-8AD4-B5C43915963C}.Release|Any CPU.Build.0 = Release|Any CPU
		{2218BAF0-48F5-49E4-BE89-E2513972CE82}.Debug|Any CPU.ActiveCfg = Debug|Any CPU
		{2218BAF0-48F5-49E4-BE89-E2513972CE82}.Debug|Any CPU.Build.0 = Debug|Any CPU
		{2218BAF0-48F5-49E4-BE89-E2513972CE82}.Release|Any CPU.ActiveCfg = Release|Any CPU
		{2218BAF0-48F5-49E4-BE89-E2513972CE82}.Release|Any CPU.Build.0 = Release|Any CPU
		{741007AA-12BE-4065-ABF1-DA5F98209A55}.Debug|Any CPU.ActiveCfg = Debug|Any CPU
		{741007AA-12BE-4065-ABF1-DA5F98209A55}.Debug|Any CPU.Build.0 = Debug|Any CPU
		{741007AA-12BE-4065-ABF1-DA5F98209A55}.Release|Any CPU.ActiveCfg = Release|Any CPU
		{741007AA-12BE-4065-ABF1-DA5F98209A55}.Release|Any CPU.Build.0 = Release|Any CPU
		{654BCEFA-E540-4228-A0CA-5347339F279D}.Debug|Any CPU.ActiveCfg = Debug|Any CPU
		{654BCEFA-E540-4228-A0CA-5347339F279D}.Debug|Any CPU.Build.0 = Debug|Any CPU
		{654BCEFA-E540-4228-A0CA-5347339F279D}.Release|Any CPU.ActiveCfg = Release|Any CPU
		{654BCEFA-E540-4228-A0CA-5347339F279D}.Release|Any CPU.Build.0 = Release|Any CPU
	EndGlobalSection
	GlobalSection(SolutionProperties) = preSolution
		HideSolutionNode = FALSE
	EndGlobalSection
	GlobalSection(NestedProjects) = preSolution
		{8DF5DD58-9194-4C03-A60B-DB78EBCD3EA3} = {ED6F5FF5-BD10-440D-820F-7D3636D003B1}
		{2CB8DF49-67D9-4876-A04B-F4B09112EB67} = {ED6F5FF5-BD10-440D-820F-7D3636D003B1}
		{C3E4A81C-23EB-40F2-A146-A1C384097BEE} = {ED6F5FF5-BD10-440D-820F-7D3636D003B1}
		{26F94CC4-ADAC-4623-A79B-F1423191F922} = {2CB8DF49-67D9-4876-A04B-F4B09112EB67}
		{15D2A4D0-8173-4CD4-A8BA-C101AC5DE4E8} = {26F94CC4-ADAC-4623-A79B-F1423191F922}
		{A3357857-5A83-438D-AA37-ED15CA8A1FD1} = {C3E4A81C-23EB-40F2-A146-A1C384097BEE}
		{CC7DE2F0-9636-4FD4-9380-DD24F9EA3C37} = {A3357857-5A83-438D-AA37-ED15CA8A1FD1}
		{F3F696F7-3B02-4BB3-ACE6-089352E4A404} = {8DF5DD58-9194-4C03-A60B-DB78EBCD3EA3}
		{6D749DA9-3B0D-4209-9DD1-9D189EDBDE6D} = {F3F696F7-3B02-4BB3-ACE6-089352E4A404}
		{781DD4E5-81F2-4F42-ACE8-F151FFA349DA} = {2CB8DF49-67D9-4876-A04B-F4B09112EB67}
		{68EB09BF-6CC9-40B5-8669-78DA7862F6F4} = {2CB8DF49-67D9-4876-A04B-F4B09112EB67}
		{FB0DF3B7-E5AA-4B39-B75F-0DC304E81F72} = {2CB8DF49-67D9-4876-A04B-F4B09112EB67}
		{E881A399-613E-46FA-8298-D9C4E493109E} = {2CB8DF49-67D9-4876-A04B-F4B09112EB67}
		{C3AF91D4-8914-409F-8FF2-91861BDB9667} = {2CB8DF49-67D9-4876-A04B-F4B09112EB67}
		{627A6B41-978C-4F0A-96BF-DAD262F9C790} = {781DD4E5-81F2-4F42-ACE8-F151FFA349DA}
		{ACCF0204-6A89-4266-8AD4-B5C43915963C} = {68EB09BF-6CC9-40B5-8669-78DA7862F6F4}
		{2218BAF0-48F5-49E4-BE89-E2513972CE82} = {FB0DF3B7-E5AA-4B39-B75F-0DC304E81F72}
		{741007AA-12BE-4065-ABF1-DA5F98209A55} = {E881A399-613E-46FA-8298-D9C4E493109E}
		{654BCEFA-E540-4228-A0CA-5347339F279D} = {C3AF91D4-8914-409F-8FF2-91861BDB9667}
	EndGlobalSection
	GlobalSection(ExtensibilityGlobals) = postSolution
		SolutionGuid = {2CFBF7EA-5FD6-499B-8708-D2917AC73860}
	EndGlobalSection
EndGlobal
